
Microsoft Visual Studio Solution File, Format Version 12.00
# Visual Studio Version 17
VisualStudioVersion = 17.6.33829.357
MinimumVisualStudioVersion = 10.0.40219.1
Project("{FAE04EC0-301F-11D3-BF4B-00C04F79EFBC}") = "ProyectoAlgoritmos", "ProyectoAlgoritmos\ProyectoAlgoritmos.csproj", "{969C7D15-E8A2-40A6-8CF5-C33C0E25C38B}"
EndProject
Global
	GlobalSection(SolutionConfigurationPlatforms) = preSolution
		Debug|Any CPU = Debug|Any CPU
		Release|Any CPU = Release|Any CPU
	EndGlobalSection
	GlobalSection(ProjectConfigurationPlatforms) = postSolution
		{969C7D15-E8A2-40A6-8CF5-C33C0E25C38B}.Debug|Any CPU.ActiveCfg = Debug|Any CPU
		{969C7D15-E8A2-40A6-8CF5-C33C0E25C38B}.Debug|Any CPU.Build.0 = Debug|Any CPU
		{969C7D15-E8A2-40A6-8CF5-C33C0E25C38B}.Release|Any CPU.ActiveCfg = Release|Any CPU
		{969C7D15-E8A2-40A6-8CF5-C33C0E25C38B}.Release|Any CPU.Build.0 = Release|Any CPU
	EndGlobalSection
	GlobalSection(SolutionProperties) = preSolution
		HideSolutionNode = FALSE
	EndGlobalSection
	GlobalSection(ExtensibilityGlobals) = postSolution
		SolutionGuid = {ECB90226-2473-42DC-8203-927E0DD5659A}
	EndGlobalSection
EndGlobal
